
Microsoft Visual Studio Solution File, Format Version 12.00
# Visual Studio Version 16
VisualStudioVersion = 16.0.30225.117
MinimumVisualStudioVersion = 10.0.40219.1
Project("{2150E333-8FDC-42A3-9474-1A3956D46DE8}") = "src", "src", "{51943148-4C6C-42C8-9F9B-1389C724FD4D}"
EndProject
Project("{FAE04EC0-301F-11D3-BF4B-00C04F79EFBC}") = "LiveShareHub", "src\LiveShareHub\LiveShareHub.csproj", "{8D5CDA18-72BB-446C-A0BA-02D88614F56A}"
EndProject
Project("{FAE04EC0-301F-11D3-BF4B-00C04F79EFBC}") = "LiveShareClient", "src\LiveShareClient\LiveShareClient.csproj", "{57523D3F-212B-4F66-9873-E993876F00C7}"
EndProject
Project("{FAE04EC0-301F-11D3-BF4B-00C04F79EFBC}") = "LiveShareHub.Core", "src\LiveShareHub.Core\LiveShareHub.Core.csproj", "{43BE9A37-C39C-4F37-BBFB-2379DE01FEA6}"
EndProject
Global
	GlobalSection(SolutionConfigurationPlatforms) = preSolution
		Debug|Any CPU = Debug|Any CPU
		Release|Any CPU = Release|Any CPU
	EndGlobalSection
	GlobalSection(ProjectConfigurationPlatforms) = postSolution
		{8D5CDA18-72BB-446C-A0BA-02D88614F56A}.Debug|Any CPU.ActiveCfg = Debug|Any CPU
		{8D5CDA18-72BB-446C-A0BA-02D88614F56A}.Debug|Any CPU.Build.0 = Debug|Any CPU
		{8D5CDA18-72BB-446C-A0BA-02D88614F56A}.Release|Any CPU.ActiveCfg = Release|Any CPU
		{8D5CDA18-72BB-446C-A0BA-02D88614F56A}.Release|Any CPU.Build.0 = Release|Any CPU
		{57523D3F-212B-4F66-9873-E993876F00C7}.Debug|Any CPU.ActiveCfg = Debug|Any CPU
		{57523D3F-212B-4F66-9873-E993876F00C7}.Debug|Any CPU.Build.0 = Debug|Any CPU
		{57523D3F-212B-4F66-9873-E993876F00C7}.Release|Any CPU.ActiveCfg = Release|Any CPU
		{57523D3F-212B-4F66-9873-E993876F00C7}.Release|Any CPU.Build.0 = Release|Any CPU
		{43BE9A37-C39C-4F37-BBFB-2379DE01FEA6}.Debug|Any CPU.ActiveCfg = Debug|Any CPU
		{43BE9A37-C39C-4F37-BBFB-2379DE01FEA6}.Debug|Any CPU.Build.0 = Debug|Any CPU
		{43BE9A37-C39C-4F37-BBFB-2379DE01FEA6}.Release|Any CPU.ActiveCfg = Release|Any CPU
		{43BE9A37-C39C-4F37-BBFB-2379DE01FEA6}.Release|Any CPU.Build.0 = Release|Any CPU
	EndGlobalSection
	GlobalSection(SolutionProperties) = preSolution
		HideSolutionNode = FALSE
	EndGlobalSection
	GlobalSection(NestedProjects) = preSolution
		{8D5CDA18-72BB-446C-A0BA-02D88614F56A} = {51943148-4C6C-42C8-9F9B-1389C724FD4D}
		{57523D3F-212B-4F66-9873-E993876F00C7} = {51943148-4C6C-42C8-9F9B-1389C724FD4D}
		{43BE9A37-C39C-4F37-BBFB-2379DE01FEA6} = {51943148-4C6C-42C8-9F9B-1389C724FD4D}
	EndGlobalSection
	GlobalSection(ExtensibilityGlobals) = postSolution
		SolutionGuid = {1B64286F-F115-4D68-838F-20082BF98CAA}
	EndGlobalSection
EndGlobal
